
Microsoft Visual Studio Solution File, Format Version 12.00
# Visual Studio Version 16
VisualStudioVersion = 16.0.33027.164
MinimumVisualStudioVersion = 10.0.40219.1
Project("{FAE04EC0-301F-11D3-BF4B-00C04F79EFBC}") = "ProjetoVendasTCC", "ProjetoVendasTCC\ProjetoVendasTCC.csproj", "{FA144160-7E9D-4F15-9A46-0BA8CD750C5A}"
EndProject
Global
	GlobalSection(SolutionConfigurationPlatforms) = preSolution
		Debug|Any CPU = Debug|Any CPU
		Release|Any CPU = Release|Any CPU
	EndGlobalSection
	GlobalSection(ProjectConfigurationPlatforms) = postSolution
		{FA144160-7E9D-4F15-9A46-0BA8CD750C5A}.Debug|Any CPU.ActiveCfg = Debug|Any CPU
		{FA144160-7E9D-4F15-9A46-0BA8CD750C5A}.Debug|Any CPU.Build.0 = Debug|Any CPU
		{FA144160-7E9D-4F15-9A46-0BA8CD750C5A}.Release|Any CPU.ActiveCfg = Release|Any CPU
		{FA144160-7E9D-4F15-9A46-0BA8CD750C5A}.Release|Any CPU.Build.0 = Release|Any CPU
	EndGlobalSection
	GlobalSection(SolutionProperties) = preSolution
		HideSolutionNode = FALSE
	EndGlobalSection
	GlobalSection(ExtensibilityGlobals) = postSolution
		SolutionGuid = {7C0BED93-D39F-437E-848B-A19F7BD3F400}
	EndGlobalSection
EndGlobal
